// !$*UTF8*$!
{
	archiveVersion = 1;
	classes = {
	};
	objectVersion = 46;
	objects = {

/* Begin PBXBuildFile section */
		2CF02516A90B4CF70188A83B /* Pods_JYYTPointAccTests.framework in Frameworks */ = {isa = PBXBuildFile; fileRef = FCB23C82E8F91FA5724E23B6 /* Pods_JYYTPointAccTests.framework */; };
		7D416F0D1E8B3E7B003F1D89 /* QRScanVC.swift in Sources */ = {isa = PBXBuildFile; fileRef = 7D416F0B1E8B3E7B003F1D89 /* QRScanVC.swift */; };
		7D416F0E1E8B3E7B003F1D89 /* QRScanVC.xib in Resources */ = {isa = PBXBuildFile; fileRef = 7D416F0C1E8B3E7B003F1D89 /* QRScanVC.xib */; };
		7D416F111E8B8120003F1D89 /* MyQRCardVC.swift in Sources */ = {isa = PBXBuildFile; fileRef = 7D416F0F1E8B8120003F1D89 /* MyQRCardVC.swift */; };
		7D416F121E8B8120003F1D89 /* MyQRCardVC.xib in Resources */ = {isa = PBXBuildFile; fileRef = 7D416F101E8B8120003F1D89 /* MyQRCardVC.xib */; };
		7D7D8BE91EA84A190091B491 /* ALamoNetworkTool.swift in Sources */ = {isa = PBXBuildFile; fileRef = 7D7D8BE81EA84A190091B491 /* ALamoNetworkTool.swift */; };
		7D7D8BEB1EA870500091B491 /* BLHttpSessionsRequest.swift in Sources */ = {isa = PBXBuildFile; fileRef = 7D7D8BEA1EA870500091B491 /* BLHttpSessionsRequest.swift */; };
		7D86003C1E8953F9008EA024 /* UIBarBarItem+category.swift in Sources */ = {isa = PBXBuildFile; fileRef = 7D86003B1E8953F9008EA024 /* UIBarBarItem+category.swift */; };
		7D86003F1E89F1C0008EA024 /* LeftChoseAccountBookVC.swift in Sources */ = {isa = PBXBuildFile; fileRef = 7D86003D1E89F1C0008EA024 /* LeftChoseAccountBookVC.swift */; };
		7D8600401E89F1C0008EA024 /* LeftChoseAccountBookVC.xib in Resources */ = {isa = PBXBuildFile; fileRef = 7D86003E1E89F1C0008EA024 /* LeftChoseAccountBookVC.xib */; };
		7D8600421E89F909008EA024 /* HomePopOverAnimator.swift in Sources */ = {isa = PBXBuildFile; fileRef = 7D8600411E89F909008EA024 /* HomePopOverAnimator.swift */; };
		7D8600441E89FC3B008EA024 /* HomeUIPresentationVC.swift in Sources */ = {isa = PBXBuildFile; fileRef = 7D8600431E89FC3B008EA024 /* HomeUIPresentationVC.swift */; };
		7D86FDB81E864D4A008EA024 /* AppDelegate.swift in Sources */ = {isa = PBXBuildFile; fileRef = 7D86FDB71E864D4A008EA024 /* AppDelegate.swift */; };
		7D86FDBD1E864D4A008EA024 /* Main.storyboard in Resources */ = {isa = PBXBuildFile; fileRef = 7D86FDBB1E864D4A008EA024 /* Main.storyboard */; };
		7D86FDBF1E864D4A008EA024 /* Assets.xcassets in Resources */ = {isa = PBXBuildFile; fileRef = 7D86FDBE1E864D4A008EA024 /* Assets.xcassets */; };
		7D86FDCD1E864D4A008EA024 /* JYYTPointAccTests.swift in Sources */ = {isa = PBXBuildFile; fileRef = 7D86FDCC1E864D4A008EA024 /* JYYTPointAccTests.swift */; };
		7D86FE0A1E87B485008EA024 /* MainViewController.swift in Sources */ = {isa = PBXBuildFile; fileRef = 7D86FE091E87B485008EA024 /* MainViewController.swift */; };
		7D86FE111E87B598008EA024 /* BillListVC.swift in Sources */ = {isa = PBXBuildFile; fileRef = 7D86FE101E87B598008EA024 /* BillListVC.swift */; };
		7D86FE151E87B5B9008EA024 /* MineVC.swift in Sources */ = {isa = PBXBuildFile; fileRef = 7D86FE141E87B5B9008EA024 /* MineVC.swift */; };
		7D86FE171E87B5C7008EA024 /* StatementVC.swift in Sources */ = {isa = PBXBuildFile; fileRef = 7D86FE161E87B5C7008EA024 /* StatementVC.swift */; };
		7D86FE1D1E889B83008EA024 /* BaseViewController.swift in Sources */ = {isa = PBXBuildFile; fileRef = 7D86FE1C1E889B83008EA024 /* BaseViewController.swift */; };
		7D86FE1F1E88DDBE008EA024 /* NoLogView.swift in Sources */ = {isa = PBXBuildFile; fileRef = 7D86FE1E1E88DDBE008EA024 /* NoLogView.swift */; };
		7D86FE211E88DDD0008EA024 /* NoLogView.xib in Resources */ = {isa = PBXBuildFile; fileRef = 7D86FE201E88DDD0008EA024 /* NoLogView.xib */; };
		7D86FE271E890954008EA024 /* InvoiceListVC.swift in Sources */ = {isa = PBXBuildFile; fileRef = 7D86FE241E890954008EA024 /* InvoiceListVC.swift */; };
		7D86FE281E890954008EA024 /* PartnerVC.swift in Sources */ = {isa = PBXBuildFile; fileRef = 7D86FE261E890954008EA024 /* PartnerVC.swift */; };
		7D86FE2A1E8909CF008EA024 /* HomeVC.swift in Sources */ = {isa = PBXBuildFile; fileRef = 7D86FE291E8909CF008EA024 /* HomeVC.swift */; };
		7D97D4001EA5EFE700A8D7BF /* AFNNetWorkTool.swift in Sources */ = {isa = PBXBuildFile; fileRef = 7D97D3FF1EA5EFE700A8D7BF /* AFNNetWorkTool.swift */; };
		7DD7BCD51E8E513B005369F7 /* LoginVC.swift in Sources */ = {isa = PBXBuildFile; fileRef = 7DD7BCD31E8E513B005369F7 /* LoginVC.swift */; };
		7DD7BCD61E8E513B005369F7 /* LoginVC.xib in Resources */ = {isa = PBXBuildFile; fileRef = 7DD7BCD41E8E513B005369F7 /* LoginVC.xib */; };
		7DD7BCD81E8EA251005369F7 /* VerticalButton.swift in Sources */ = {isa = PBXBuildFile; fileRef = 7DD7BCD71E8EA251005369F7 /* VerticalButton.swift */; };
		7DD7BCDA1E8F65CD005369F7 /* UIColor+category.swift in Sources */ = {isa = PBXBuildFile; fileRef = 7DD7BCD91E8F65CD005369F7 /* UIColor+category.swift */; };
		7DD7BCDC1E8F68A4005369F7 /* HorizontalButton.swift in Sources */ = {isa = PBXBuildFile; fileRef = 7DD7BCDB1E8F68A4005369F7 /* HorizontalButton.swift */; };
		7DD7BCDE1E8F73BC005369F7 /* String+category.swift in Sources */ = {isa = PBXBuildFile; fileRef = 7DD7BCDD1E8F73BC005369F7 /* String+category.swift */; };
		7DD7BCE01E8F7922005369F7 /* NSDate+category.swift in Sources */ = {isa = PBXBuildFile; fileRef = 7DD7BCDF1E8F7922005369F7 /* NSDate+category.swift */; };
		7DD7BCE71E8FAF55005369F7 /* AlphaTables.swift in Sources */ = {isa = PBXBuildFile; fileRef = 7DD7BCE61E8FAF55005369F7 /* AlphaTables.swift */; };
		7DD7BCE91E8FAF67005369F7 /* JYBase64.swift in Sources */ = {isa = PBXBuildFile; fileRef = 7DD7BCE81E8FAF67005369F7 /* JYBase64.swift */; };
		7DD7BCEE1E920BA1005369F7 /* NewFeatureVC.swift in Sources */ = {isa = PBXBuildFile; fileRef = 7DD7BCED1E920BA1005369F7 /* NewFeatureVC.swift */; };
		7DD7BCF01E921A4B005369F7 /* UIView+AutoLayout.swift in Sources */ = {isa = PBXBuildFile; fileRef = 7DD7BCEF1E921A4B005369F7 /* UIView+AutoLayout.swift */; };
		7DD7BCF21E923461005369F7 /* JYConstFile.swift in Sources */ = {isa = PBXBuildFile; fileRef = 7DD7BCF11E923461005369F7 /* JYConstFile.swift */; };
		7DD7BCF61E923D95005369F7 /* WelcomeVC.swift in Sources */ = {isa = PBXBuildFile; fileRef = 7DD7BCF41E923D95005369F7 /* WelcomeVC.swift */; };
		7DD7BCF71E923D95005369F7 /* WelcomeVC.xib in Resources */ = {isa = PBXBuildFile; fileRef = 7DD7BCF51E923D95005369F7 /* WelcomeVC.xib */; };
		E48D3A54F04186E1FF709BA3 /* Pods_JYYTPointAcc.framework in Frameworks */ = {isa = PBXBuildFile; fileRef = 3417CD3A6F3CAAF33292C299 /* Pods_JYYTPointAcc.framework */; };
/* End PBXBuildFile section */

/* Begin PBXContainerItemProxy section */
		7D86FDC91E864D4A008EA024 /* PBXContainerItemProxy */ = {
			isa = PBXContainerItemProxy;
			containerPortal = 7D86FDAC1E864D4A008EA024 /* Project object */;
			proxyType = 1;
			remoteGlobalIDString = 7D86FDB31E864D4A008EA024;
			remoteInfo = JYYTPointAcc;
		};
/* End PBXContainerItemProxy section */

/* Begin PBXFileReference section */
		00BBD3696B194EC6D3B72198 /* Pods-JYYTPointAccTests.release.xcconfig */ = {isa = PBXFileReference; includeInIndex = 1; lastKnownFileType = text.xcconfig; name = "Pods-JYYTPointAccTests.release.xcconfig"; path = "Pods/Target Support Files/Pods-JYYTPointAccTests/Pods-JYYTPointAccTests.release.xcconfig"; sourceTree = "<group>"; };
		3417CD3A6F3CAAF33292C299 /* Pods_JYYTPointAcc.framework */ = {isa = PBXFileReference; explicitFileType = wrapper.framework; includeInIndex = 0; path = Pods_JYYTPointAcc.framework; sourceTree = BUILT_PRODUCTS_DIR; };
		55CB0895FF46DD0B08F2F855 /* Pods-JYYTPointAcc.debug.xcconfig */ = {isa = PBXFileReference; includeInIndex = 1; lastKnownFileType = text.xcconfig; name = "Pods-JYYTPointAcc.debug.xcconfig"; path = "Pods/Target Support Files/Pods-JYYTPointAcc/Pods-JYYTPointAcc.debug.xcconfig"; sourceTree = "<group>"; };
		659075420C8BD02F216BBAFF /* Pods-JYYTPointAccTests.debug.xcconfig */ = {isa = PBXFileReference; includeInIndex = 1; lastKnownFileType = text.xcconfig; name = "Pods-JYYTPointAccTests.debug.xcconfig"; path = "Pods/Target Support Files/Pods-JYYTPointAccTests/Pods-JYYTPointAccTests.debug.xcconfig"; sourceTree = "<group>"; };
		7D416F0B1E8B3E7B003F1D89 /* QRScanVC.swift */ = {isa = PBXFileReference; fileEncoding = 4; lastKnownFileType = sourcecode.swift; path = QRScanVC.swift; sourceTree = "<group>"; };
		7D416F0C1E8B3E7B003F1D89 /* QRScanVC.xib */ = {isa = PBXFileReference; fileEncoding = 4; lastKnownFileType = file.xib; path = QRScanVC.xib; sourceTree = "<group>"; };
		7D416F0F1E8B8120003F1D89 /* MyQRCardVC.swift */ = {isa = PBXFileReference; fileEncoding = 4; lastKnownFileType = sourcecode.swift; path = MyQRCardVC.swift; sourceTree = "<group>"; };
		7D416F101E8B8120003F1D89 /* MyQRCardVC.xib */ = {isa = PBXFileReference; fileEncoding = 4; lastKnownFileType = file.xib; path = MyQRCardVC.xib; sourceTree = "<group>"; };
		7D7D8BE81EA84A190091B491 /* ALamoNetworkTool.swift */ = {isa = PBXFileReference; fileEncoding = 4; lastKnownFileType = sourcecode.swift; path = ALamoNetworkTool.swift; sourceTree = "<group>"; };
		7D7D8BEA1EA870500091B491 /* BLHttpSessionsRequest.swift */ = {isa = PBXFileReference; fileEncoding = 4; lastKnownFileType = sourcecode.swift; path = BLHttpSessionsRequest.swift; sourceTree = "<group>"; };
		7D86003B1E8953F9008EA024 /* UIBarBarItem+category.swift */ = {isa = PBXFileReference; fileEncoding = 4; lastKnownFileType = sourcecode.swift; path = "UIBarBarItem+category.swift"; sourceTree = "<group>"; };
		7D86003D1E89F1C0008EA024 /* LeftChoseAccountBookVC.swift */ = {isa = PBXFileReference; fileEncoding = 4; lastKnownFileType = sourcecode.swift; path = LeftChoseAccountBookVC.swift; sourceTree = "<group>"; };
		7D86003E1E89F1C0008EA024 /* LeftChoseAccountBookVC.xib */ = {isa = PBXFileReference; fileEncoding = 4; lastKnownFileType = file.xib; path = LeftChoseAccountBookVC.xib; sourceTree = "<group>"; };
		7D8600411E89F909008EA024 /* HomePopOverAnimator.swift */ = {isa = PBXFileReference; fileEncoding = 4; lastKnownFileType = sourcecode.swift; path = HomePopOverAnimator.swift; sourceTree = "<group>"; };
		7D8600431E89FC3B008EA024 /* HomeUIPresentationVC.swift */ = {isa = PBXFileReference; fileEncoding = 4; lastKnownFileType = sourcecode.swift; path = HomeUIPresentationVC.swift; sourceTree = "<group>"; };
		7D86FDB41E864D4A008EA024 /* JYYTPointAcc.app */ = {isa = PBXFileReference; explicitFileType = wrapper.application; includeInIndex = 0; path = JYYTPointAcc.app; sourceTree = BUILT_PRODUCTS_DIR; };
		7D86FDB71E864D4A008EA024 /* AppDelegate.swift */ = {isa = PBXFileReference; lastKnownFileType = sourcecode.swift; path = AppDelegate.swift; sourceTree = "<group>"; };
		7D86FDBC1E864D4A008EA024 /* Base */ = {isa = PBXFileReference; lastKnownFileType = file.storyboard; name = Base; path = Base.lproj/Main.storyboard; sourceTree = "<group>"; };
		7D86FDBE1E864D4A008EA024 /* Assets.xcassets */ = {isa = PBXFileReference; lastKnownFileType = folder.assetcatalog; path = Assets.xcassets; sourceTree = "<group>"; };
		7D86FDC31E864D4A008EA024 /* Info.plist */ = {isa = PBXFileReference; lastKnownFileType = text.plist.xml; path = Info.plist; sourceTree = "<group>"; };
		7D86FDC81E864D4A008EA024 /* JYYTPointAccTests.xctest */ = {isa = PBXFileReference; explicitFileType = wrapper.cfbundle; includeInIndex = 0; path = JYYTPointAccTests.xctest; sourceTree = BUILT_PRODUCTS_DIR; };
		7D86FDCC1E864D4A008EA024 /* JYYTPointAccTests.swift */ = {isa = PBXFileReference; lastKnownFileType = sourcecode.swift; path = JYYTPointAccTests.swift; sourceTree = "<group>"; };
		7D86FDCE1E864D4A008EA024 /* Info.plist */ = {isa = PBXFileReference; lastKnownFileType = text.plist.xml; path = Info.plist; sourceTree = "<group>"; };
		7D86FE091E87B485008EA024 /* MainViewController.swift */ = {isa = PBXFileReference; fileEncoding = 4; lastKnownFileType = sourcecode.swift; path = MainViewController.swift; sourceTree = "<group>"; };
		7D86FE101E87B598008EA024 /* BillListVC.swift */ = {isa = PBXFileReference; fileEncoding = 4; lastKnownFileType = sourcecode.swift; path = BillListVC.swift; sourceTree = "<group>"; };
		7D86FE141E87B5B9008EA024 /* MineVC.swift */ = {isa = PBXFileReference; fileEncoding = 4; lastKnownFileType = sourcecode.swift; path = MineVC.swift; sourceTree = "<group>"; };
		7D86FE161E87B5C7008EA024 /* StatementVC.swift */ = {isa = PBXFileReference; fileEncoding = 4; lastKnownFileType = sourcecode.swift; path = StatementVC.swift; sourceTree = "<group>"; };
		7D86FE1C1E889B83008EA024 /* BaseViewController.swift */ = {isa = PBXFileReference; fileEncoding = 4; lastKnownFileType = sourcecode.swift; path = BaseViewController.swift; sourceTree = "<group>"; };
		7D86FE1E1E88DDBE008EA024 /* NoLogView.swift */ = {isa = PBXFileReference; fileEncoding = 4; lastKnownFileType = sourcecode.swift; path = NoLogView.swift; sourceTree = "<group>"; };
		7D86FE201E88DDD0008EA024 /* NoLogView.xib */ = {isa = PBXFileReference; fileEncoding = 4; lastKnownFileType = file.xib; path = NoLogView.xib; sourceTree = "<group>"; };
		7D86FE241E890954008EA024 /* InvoiceListVC.swift */ = {isa = PBXFileReference; fileEncoding = 4; lastKnownFileType = sourcecode.swift; path = InvoiceListVC.swift; sourceTree = "<group>"; };
		7D86FE261E890954008EA024 /* PartnerVC.swift */ = {isa = PBXFileReference; fileEncoding = 4; lastKnownFileType = sourcecode.swift; path = PartnerVC.swift; sourceTree = "<group>"; };
		7D86FE291E8909CF008EA024 /* HomeVC.swift */ = {isa = PBXFileReference; fileEncoding = 4; lastKnownFileType = sourcecode.swift; path = HomeVC.swift; sourceTree = "<group>"; };
		7D97D3FF1EA5EFE700A8D7BF /* AFNNetWorkTool.swift */ = {isa = PBXFileReference; fileEncoding = 4; lastKnownFileType = sourcecode.swift; path = AFNNetWorkTool.swift; sourceTree = "<group>"; };
		7DD7BCD31E8E513B005369F7 /* LoginVC.swift */ = {isa = PBXFileReference; fileEncoding = 4; lastKnownFileType = sourcecode.swift; path = LoginVC.swift; sourceTree = "<group>"; };
		7DD7BCD41E8E513B005369F7 /* LoginVC.xib */ = {isa = PBXFileReference; fileEncoding = 4; lastKnownFileType = file.xib; path = LoginVC.xib; sourceTree = "<group>"; };
		7DD7BCD71E8EA251005369F7 /* VerticalButton.swift */ = {isa = PBXFileReference; fileEncoding = 4; lastKnownFileType = sourcecode.swift; path = VerticalButton.swift; sourceTree = "<group>"; };
		7DD7BCD91E8F65CD005369F7 /* UIColor+category.swift */ = {isa = PBXFileReference; fileEncoding = 4; lastKnownFileType = sourcecode.swift; path = "UIColor+category.swift"; sourceTree = "<group>"; };
		7DD7BCDB1E8F68A4005369F7 /* HorizontalButton.swift */ = {isa = PBXFileReference; fileEncoding = 4; lastKnownFileType = sourcecode.swift; path = HorizontalButton.swift; sourceTree = "<group>"; };
		7DD7BCDD1E8F73BC005369F7 /* String+category.swift */ = {isa = PBXFileReference; fileEncoding = 4; lastKnownFileType = sourcecode.swift; path = "String+category.swift"; sourceTree = "<group>"; };
		7DD7BCDF1E8F7922005369F7 /* NSDate+category.swift */ = {isa = PBXFileReference; fileEncoding = 4; lastKnownFileType = sourcecode.swift; path = "NSDate+category.swift"; sourceTree = "<group>"; };
		7DD7BCE61E8FAF55005369F7 /* AlphaTables.swift */ = {isa = PBXFileReference; fileEncoding = 4; lastKnownFileType = sourcecode.swift; path = AlphaTables.swift; sourceTree = "<group>"; };
		7DD7BCE81E8FAF67005369F7 /* JYBase64.swift */ = {isa = PBXFileReference; fileEncoding = 4; lastKnownFileType = sourcecode.swift; path = JYBase64.swift; sourceTree = "<group>"; };
		7DD7BCED1E920BA1005369F7 /* NewFeatureVC.swift */ = {isa = PBXFileReference; fileEncoding = 4; lastKnownFileType = sourcecode.swift; path = NewFeatureVC.swift; sourceTree = "<group>"; };
		7DD7BCEF1E921A4B005369F7 /* UIView+AutoLayout.swift */ = {isa = PBXFileReference; fileEncoding = 4; lastKnownFileType = sourcecode.swift; path = "UIView+AutoLayout.swift"; sourceTree = "<group>"; };
		7DD7BCF11E923461005369F7 /* JYConstFile.swift */ = {isa = PBXFileReference; fileEncoding = 4; lastKnownFileType = sourcecode.swift; path = JYConstFile.swift; sourceTree = "<group>"; };
		7DD7BCF41E923D95005369F7 /* WelcomeVC.swift */ = {isa = PBXFileReference; fileEncoding = 4; lastKnownFileType = sourcecode.swift; path = WelcomeVC.swift; sourceTree = "<group>"; };
		7DD7BCF51E923D95005369F7 /* WelcomeVC.xib */ = {isa = PBXFileReference; fileEncoding = 4; lastKnownFileType = file.xib; path = WelcomeVC.xib; sourceTree = "<group>"; };
		D8E88C51EEC2307D6D23D9EF /* Pods-JYYTPointAcc.release.xcconfig */ = {isa = PBXFileReference; includeInIndex = 1; lastKnownFileType = text.xcconfig; name = "Pods-JYYTPointAcc.release.xcconfig"; path = "Pods/Target Support Files/Pods-JYYTPointAcc/Pods-JYYTPointAcc.release.xcconfig"; sourceTree = "<group>"; };
		FCB23C82E8F91FA5724E23B6 /* Pods_JYYTPointAccTests.framework */ = {isa = PBXFileReference; explicitFileType = wrapper.framework; includeInIndex = 0; path = Pods_JYYTPointAccTests.framework; sourceTree = BUILT_PRODUCTS_DIR; };
/* End PBXFileReference section */

/* Begin PBXFrameworksBuildPhase section */
		7D86FDB11E864D4A008EA024 /* Frameworks */ = {
			isa = PBXFrameworksBuildPhase;
			buildActionMask = 2147483647;
			files = (
				E48D3A54F04186E1FF709BA3 /* Pods_JYYTPointAcc.framework in Frameworks */,
			);
			runOnlyForDeploymentPostprocessing = 0;
		};
		7D86FDC51E864D4A008EA024 /* Frameworks */ = {
			isa = PBXFrameworksBuildPhase;
			buildActionMask = 2147483647;
			files = (
				2CF02516A90B4CF70188A83B /* Pods_JYYTPointAccTests.framework in Frameworks */,
			);
			runOnlyForDeploymentPostprocessing = 0;
		};
/* End PBXFrameworksBuildPhase section */

/* Begin PBXGroup section */
		0C30592D224DB1201C48A104 /* Frameworks */ = {
			isa = PBXGroup;
			children = (
				3417CD3A6F3CAAF33292C299 /* Pods_JYYTPointAcc.framework */,
				FCB23C82E8F91FA5724E23B6 /* Pods_JYYTPointAccTests.framework */,
			);
			name = Frameworks;
			sourceTree = "<group>";
		};
		7D416F0A1E8B3E52003F1D89 /* QRCode */ = {
			isa = PBXGroup;
			children = (
				7D416F0B1E8B3E7B003F1D89 /* QRScanVC.swift */,
				7D416F0C1E8B3E7B003F1D89 /* QRScanVC.xib */,
				7D416F0F1E8B8120003F1D89 /* MyQRCardVC.swift */,
				7D416F101E8B8120003F1D89 /* MyQRCardVC.xib */,
			);
			path = QRCode;
			sourceTree = "<group>";
		};
		7D4BAEB21E8A37D900CE86C3 /* leftDrop */ = {
			isa = PBXGroup;
			children = (
				7D86003D1E89F1C0008EA024 /* LeftChoseAccountBookVC.swift */,
				7D86003E1E89F1C0008EA024 /* LeftChoseAccountBookVC.xib */,
				7D8600411E89F909008EA024 /* HomePopOverAnimator.swift */,
				7D8600431E89FC3B008EA024 /* HomeUIPresentationVC.swift */,
			);
			name = leftDrop;
			sourceTree = "<group>";
		};
		7D86FDAB1E864D4A008EA024 = {
			isa = PBXGroup;
			children = (
				7D86FDB61E864D4A008EA024 /* JYYTPointAcc */,
				7D86FDCB1E864D4A008EA024 /* JYYTPointAccTests */,
				7D86FDB51E864D4A008EA024 /* Products */,
				88B3C6BBDE68BC2DA8CA3B25 /* Pods */,
				0C30592D224DB1201C48A104 /* Frameworks */,
			);
			sourceTree = "<group>";
		};
		7D86FDB51E864D4A008EA024 /* Products */ = {
			isa = PBXGroup;
			children = (
				7D86FDB41E864D4A008EA024 /* JYYTPointAcc.app */,
				7D86FDC81E864D4A008EA024 /* JYYTPointAccTests.xctest */,
			);
			name = Products;
			sourceTree = "<group>";
		};
		7D86FDB61E864D4A008EA024 /* JYYTPointAcc */ = {
			isa = PBXGroup;
			children = (
				7D86FDB71E864D4A008EA024 /* AppDelegate.swift */,
				7D86FDBB1E864D4A008EA024 /* Main.storyboard */,
				7D86FDBE1E864D4A008EA024 /* Assets.xcassets */,
				7D86FDC31E864D4A008EA024 /* Info.plist */,
				7D86FE061E87B245008EA024 /* Sections */,
				7D86FE031E87B244008EA024 /* Category */,
				7D86FE041E87B244008EA024 /* Common */,
				7D86FE051E87B245008EA024 /* OtherResoure */,
				7D86FE071E87B245008EA024 /* Tools */,
				7D86FE081E87B245008EA024 /* Venders */,
			);
			path = JYYTPointAcc;
			sourceTree = "<group>";
		};
		7D86FDCB1E864D4A008EA024 /* JYYTPointAccTests */ = {
			isa = PBXGroup;
			children = (
				7D86FDCC1E864D4A008EA024 /* JYYTPointAccTests.swift */,
				7D86FDCE1E864D4A008EA024 /* Info.plist */,
			);
			path = JYYTPointAccTests;
			sourceTree = "<group>";
		};
		7D86FE031E87B244008EA024 /* Category */ = {
			isa = PBXGroup;
			children = (
				7D86003B1E8953F9008EA024 /* UIBarBarItem+category.swift */,
				7DD7BCDB1E8F68A4005369F7 /* HorizontalButton.swift */,
				7DD7BCD71E8EA251005369F7 /* VerticalButton.swift */,
				7DD7BCD91E8F65CD005369F7 /* UIColor+category.swift */,
				7DD7BCDD1E8F73BC005369F7 /* String+category.swift */,
				7DD7BCDF1E8F7922005369F7 /* NSDate+category.swift */,
			);
			path = Category;
			sourceTree = "<group>";
		};
		7D86FE041E87B244008EA024 /* Common */ = {
			isa = PBXGroup;
			children = (
				7D416F0A1E8B3E52003F1D89 /* QRCode */,
			);
			path = Common;
			sourceTree = "<group>";
		};
		7D86FE051E87B245008EA024 /* OtherResoure */ = {
			isa = PBXGroup;
			children = (
			);
			path = OtherResoure;
			sourceTree = "<group>";
		};
		7D86FE061E87B245008EA024 /* Sections */ = {
			isa = PBXGroup;
			children = (
				7D86FE1E1E88DDBE008EA024 /* NoLogView.swift */,
				7D86FE201E88DDD0008EA024 /* NoLogView.xib */,
				7D86FE1C1E889B83008EA024 /* BaseViewController.swift */,
				7D86FE091E87B485008EA024 /* MainViewController.swift */,
				7DD7BCF31E923D74005369F7 /* Welcome */,
				7DD7BCEA1E920B0B005369F7 /* NewFeature */,
				7D86FE221E89094B008EA024 /* Home */,
				7D86FE0F1E87B585008EA024 /* BillListVC */,
				7D86FE0D1E87B531008EA024 /* MineVC */,
				7D86FE0E1E87B531008EA024 /* StatementVC */,
				7D86FE181E87B909008EA024 /* LoginAndRegist */,
			);
			path = Sections;
			sourceTree = "<group>";
		};
		7D86FE071E87B245008EA024 /* Tools */ = {
			isa = PBXGroup;
			children = (
				7D7D8BE81EA84A190091B491 /* ALamoNetworkTool.swift */,
				7D97D3FF1EA5EFE700A8D7BF /* AFNNetWorkTool.swift */,
				7D7D8BEA1EA870500091B491 /* BLHttpSessionsRequest.swift */,
				7DD7BCEF1E921A4B005369F7 /* UIView+AutoLayout.swift */,
				7DD7BCF11E923461005369F7 /* JYConstFile.swift */,
				7DD7BCE11E8FACBB005369F7 /* Base64 */,
			);
			path = Tools;
			sourceTree = "<group>";
		};
		7D86FE081E87B245008EA024 /* Venders */ = {
			isa = PBXGroup;
			children = (
			);
			path = Venders;
			sourceTree = "<group>";
		};
		7D86FE0D1E87B531008EA024 /* MineVC */ = {
			isa = PBXGroup;
			children = (
				7D86FE141E87B5B9008EA024 /* MineVC.swift */,
				7D86FE231E890954008EA024 /* InvoiceListVC */,
				7D86FE251E890954008EA024 /* PartnerVC */,
			);
			path = MineVC;
			sourceTree = "<group>";
		};
		7D86FE0E1E87B531008EA024 /* StatementVC */ = {
			isa = PBXGroup;
			children = (
				7D86FE161E87B5C7008EA024 /* StatementVC.swift */,
			);
			path = StatementVC;
			sourceTree = "<group>";
		};
		7D86FE0F1E87B585008EA024 /* BillListVC */ = {
			isa = PBXGroup;
			children = (
				7D86FE101E87B598008EA024 /* BillListVC.swift */,
			);
			path = BillListVC;
			sourceTree = "<group>";
		};
		7D86FE181E87B909008EA024 /* LoginAndRegist */ = {
			isa = PBXGroup;
			children = (
				7DD7BCD31E8E513B005369F7 /* LoginVC.swift */,
				7DD7BCD41E8E513B005369F7 /* LoginVC.xib */,
			);
			path = LoginAndRegist;
			sourceTree = "<group>";
		};
		7D86FE221E89094B008EA024 /* Home */ = {
			isa = PBXGroup;
			children = (
				7D86FE291E8909CF008EA024 /* HomeVC.swift */,
				7D4BAEB21E8A37D900CE86C3 /* leftDrop */,
			);
			path = Home;
			sourceTree = "<group>";
		};
		7D86FE231E890954008EA024 /* InvoiceListVC */ = {
			isa = PBXGroup;
			children = (
				7D86FE241E890954008EA024 /* InvoiceListVC.swift */,
			);
			path = InvoiceListVC;
			sourceTree = "<group>";
		};
		7D86FE251E890954008EA024 /* PartnerVC */ = {
			isa = PBXGroup;
			children = (
				7D86FE261E890954008EA024 /* PartnerVC.swift */,
			);
			path = PartnerVC;
			sourceTree = "<group>";
		};
		7DD7BCE11E8FACBB005369F7 /* Base64 */ = {
			isa = PBXGroup;
			children = (
				7DD7BCE61E8FAF55005369F7 /* AlphaTables.swift */,
				7DD7BCE81E8FAF67005369F7 /* JYBase64.swift */,
			);
			path = Base64;
			sourceTree = "<group>";
		};
		7DD7BCEA1E920B0B005369F7 /* NewFeature */ = {
			isa = PBXGroup;
			children = (
				7DD7BCED1E920BA1005369F7 /* NewFeatureVC.swift */,
			);
			path = NewFeature;
			sourceTree = "<group>";
		};
		7DD7BCF31E923D74005369F7 /* Welcome */ = {
			isa = PBXGroup;
			children = (
				7DD7BCF41E923D95005369F7 /* WelcomeVC.swift */,
				7DD7BCF51E923D95005369F7 /* WelcomeVC.xib */,
			);
			path = Welcome;
			sourceTree = "<group>";
		};
		88B3C6BBDE68BC2DA8CA3B25 /* Pods */ = {
			isa = PBXGroup;
			children = (
				55CB0895FF46DD0B08F2F855 /* Pods-JYYTPointAcc.debug.xcconfig */,
				D8E88C51EEC2307D6D23D9EF /* Pods-JYYTPointAcc.release.xcconfig */,
				659075420C8BD02F216BBAFF /* Pods-JYYTPointAccTests.debug.xcconfig */,
				00BBD3696B194EC6D3B72198 /* Pods-JYYTPointAccTests.release.xcconfig */,
			);
			name = Pods;
			sourceTree = "<group>";
		};
/* End PBXGroup section */

/* Begin PBXNativeTarget section */
		7D86FDB31E864D4A008EA024 /* JYYTPointAcc */ = {
			isa = PBXNativeTarget;
			buildConfigurationList = 7D86FDD11E864D4A008EA024 /* Build configuration list for PBXNativeTarget "JYYTPointAcc" */;
			buildPhases = (
				0A205838926DB364DC327C6E /* [CP] Check Pods Manifest.lock */,
				7D86FDB01E864D4A008EA024 /* Sources */,
				7D86FDB11E864D4A008EA024 /* Frameworks */,
				7D86FDB21E864D4A008EA024 /* Resources */,
				CB9417C739CA524DAA6228A4 /* [CP] Embed Pods Frameworks */,
				4A002FE3F7642C4FE15EEF49 /* [CP] Copy Pods Resources */,
			);
			buildRules = (
			);
			dependencies = (
			);
			name = JYYTPointAcc;
			productName = JYYTPointAcc;
			productReference = 7D86FDB41E864D4A008EA024 /* JYYTPointAcc.app */;
			productType = "com.apple.product-type.application";
		};
		7D86FDC71E864D4A008EA024 /* JYYTPointAccTests */ = {
			isa = PBXNativeTarget;
			buildConfigurationList = 7D86FDD41E864D4A008EA024 /* Build configuration list for PBXNativeTarget "JYYTPointAccTests" */;
			buildPhases = (
				132D9C5A9BA003A8BD4B83E9 /* [CP] Check Pods Manifest.lock */,
				7D86FDC41E864D4A008EA024 /* Sources */,
				7D86FDC51E864D4A008EA024 /* Frameworks */,
				7D86FDC61E864D4A008EA024 /* Resources */,
				F3C5AD74605D265F6C0C73E7 /* [CP] Embed Pods Frameworks */,
				8EC586489A5DB0C447BA3717 /* [CP] Copy Pods Resources */,
			);
			buildRules = (
			);
			dependencies = (
				7D86FDCA1E864D4A008EA024 /* PBXTargetDependency */,
			);
			name = JYYTPointAccTests;
			productName = JYYTPointAccTests;
			productReference = 7D86FDC81E864D4A008EA024 /* JYYTPointAccTests.xctest */;
			productType = "com.apple.product-type.bundle.unit-test";
		};
/* End PBXNativeTarget section */

/* Begin PBXProject section */
		7D86FDAC1E864D4A008EA024 /* Project object */ = {
			isa = PBXProject;
			attributes = {
				LastSwiftUpdateCheck = 0820;
				LastUpgradeCheck = 0820;
				ORGANIZATIONNAME = shjy;
				TargetAttributes = {
					7D86FDB31E864D4A008EA024 = {
						CreatedOnToolsVersion = 8.2;
						DevelopmentTeam = 39LA9J6HHG;
						ProvisioningStyle = Automatic;
					};
					7D86FDC71E864D4A008EA024 = {
						CreatedOnToolsVersion = 8.2;
						DevelopmentTeam = 39LA9J6HHG;
						ProvisioningStyle = Automatic;
						TestTargetID = 7D86FDB31E864D4A008EA024;
					};
				};
			};
			buildConfigurationList = 7D86FDAF1E864D4A008EA024 /* Build configuration list for PBXProject "JYYTPointAcc" */;
			compatibilityVersion = "Xcode 3.2";
			developmentRegion = English;
			hasScannedForEncodings = 0;
			knownRegions = (
				en,
				Base,
			);
			mainGroup = 7D86FDAB1E864D4A008EA024;
			productRefGroup = 7D86FDB51E864D4A008EA024 /* Products */;
			projectDirPath = "";
			projectRoot = "";
			targets = (
				7D86FDB31E864D4A008EA024 /* JYYTPointAcc */,
				7D86FDC71E864D4A008EA024 /* JYYTPointAccTests */,
			);
		};
/* End PBXProject section */

/* Begin PBXResourcesBuildPhase section */
		7D86FDB21E864D4A008EA024 /* Resources */ = {
			isa = PBXResourcesBuildPhase;
			buildActionMask = 2147483647;
			files = (
				7DD7BCD61E8E513B005369F7 /* LoginVC.xib in Resources */,
				7D86FE211E88DDD0008EA024 /* NoLogView.xib in Resources */,
				7D8600401E89F1C0008EA024 /* LeftChoseAccountBookVC.xib in Resources */,
				7DD7BCF71E923D95005369F7 /* WelcomeVC.xib in Resources */,
				7D86FDBF1E864D4A008EA024 /* Assets.xcassets in Resources */,
				7D416F121E8B8120003F1D89 /* MyQRCardVC.xib in Resources */,
				7D416F0E1E8B3E7B003F1D89 /* QRScanVC.xib in Resources */,
				7D86FDBD1E864D4A008EA024 /* Main.storyboard in Resources */,
			);
			runOnlyForDeploymentPostprocessing = 0;
		};
		7D86FDC61E864D4A008EA024 /* Resources */ = {
			isa = PBXResourcesBuildPhase;
			buildActionMask = 2147483647;
			files = (
			);
			runOnlyForDeploymentPostprocessing = 0;
		};
/* End PBXResourcesBuildPhase section */

/* Begin PBXShellScriptBuildPhase section */
		0A205838926DB364DC327C6E /* [CP] Check Pods Manifest.lock */ = {
			isa = PBXShellScriptBuildPhase;
			buildActionMask = 2147483647;
			files = (
			);
			inputPaths = (
			);
			name = "[CP] Check Pods Manifest.lock";
			outputPaths = (
			);
			runOnlyForDeploymentPostprocessing = 0;
			shellPath = /bin/sh;
			shellScript = "diff \"${PODS_PODFILE_DIR_PATH}/Podfile.lock\" \"${PODS_ROOT}/Manifest.lock\" > /dev/null\nif [ $? != 0 ] ; then\n    # print error to STDERR\n    echo \"error: The sandbox is not in sync with the Podfile.lock. Run 'pod install' or update your CocoaPods installation.\" >&2\n    exit 1\nfi\n";
			showEnvVarsInLog = 0;
		};
		132D9C5A9BA003A8BD4B83E9 /* [CP] Check Pods Manifest.lock */ = {
			isa = PBXShellScriptBuildPhase;
			buildActionMask = 2147483647;
			files = (
			);
			inputPaths = (
			);
			name = "[CP] Check Pods Manifest.lock";
			outputPaths = (
			);
			runOnlyForDeploymentPostprocessing = 0;
			shellPath = /bin/sh;
			shellScript = "diff \"${PODS_PODFILE_DIR_PATH}/Podfile.lock\" \"${PODS_ROOT}/Manifest.lock\" > /dev/null\nif [ $? != 0 ] ; then\n    # print error to STDERR\n    echo \"error: The sandbox is not in sync with the Podfile.lock. Run 'pod install' or update your CocoaPods installation.\" >&2\n    exit 1\nfi\n";
			showEnvVarsInLog = 0;
		};
		4A002FE3F7642C4FE15EEF49 /* [CP] Copy Pods Resources */ = {
			isa = PBXShellScriptBuildPhase;
			buildActionMask = 2147483647;
			files = (
			);
			inputPaths = (
			);
			name = "[CP] Copy Pods Resources";
			outputPaths = (
			);
			runOnlyForDeploymentPostprocessing = 0;
			shellPath = /bin/sh;
			shellScript = "\"${SRCROOT}/Pods/Target Support Files/Pods-JYYTPointAcc/Pods-JYYTPointAcc-resources.sh\"\n";
			showEnvVarsInLog = 0;
		};
		8EC586489A5DB0C447BA3717 /* [CP] Copy Pods Resources */ = {
			isa = PBXShellScriptBuildPhase;
			buildActionMask = 2147483647;
			files = (
			);
			inputPaths = (
			);
			name = "[CP] Copy Pods Resources";
			outputPaths = (
			);
			runOnlyForDeploymentPostprocessing = 0;
			shellPath = /bin/sh;
			shellScript = "\"${SRCROOT}/Pods/Target Support Files/Pods-JYYTPointAccTests/Pods-JYYTPointAccTests-resources.sh\"\n";
			showEnvVarsInLog = 0;
		};
		CB9417C739CA524DAA6228A4 /* [CP] Embed Pods Frameworks */ = {
			isa = PBXShellScriptBuildPhase;
			buildActionMask = 2147483647;
			files = (
			);
			inputPaths = (
			);
			name = "[CP] Embed Pods Frameworks";
			outputPaths = (
			);
			runOnlyForDeploymentPostprocessing = 0;
			shellPath = /bin/sh;
			shellScript = "\"${SRCROOT}/Pods/Target Support Files/Pods-JYYTPointAcc/Pods-JYYTPointAcc-frameworks.sh\"\n";
			showEnvVarsInLog = 0;
		};
		F3C5AD74605D265F6C0C73E7 /* [CP] Embed Pods Frameworks */ = {
			isa = PBXShellScriptBuildPhase;
			buildActionMask = 2147483647;
			files = (
			);
			inputPaths = (
			);
			name = "[CP] Embed Pods Frameworks";
			outputPaths = (
			);
			runOnlyForDeploymentPostprocessing = 0;
			shellPath = /bin/sh;
			shellScript = "\"${SRCROOT}/Pods/Target Support Files/Pods-JYYTPointAccTests/Pods-JYYTPointAccTests-frameworks.sh\"\n";
			showEnvVarsInLog = 0;
		};
/* End PBXShellScriptBuildPhase section */

/* Begin PBXSourcesBuildPhase section */
		7D86FDB01E864D4A008EA024 /* Sources */ = {
			isa = PBXSourcesBuildPhase;
			buildActionMask = 2147483647;
			files = (
				7D86003F1E89F1C0008EA024 /* LeftChoseAccountBookVC.swift in Sources */,
				7D97D4001EA5EFE700A8D7BF /* AFNNetWorkTool.swift in Sources */,
				7DD7BCE01E8F7922005369F7 /* NSDate+category.swift in Sources */,
				7D416F111E8B8120003F1D89 /* MyQRCardVC.swift in Sources */,
				7D86FE0A1E87B485008EA024 /* MainViewController.swift in Sources */,
				7D86FE151E87B5B9008EA024 /* MineVC.swift in Sources */,
				7D86003C1E8953F9008EA024 /* UIBarBarItem+category.swift in Sources */,
				7DD7BCD81E8EA251005369F7 /* VerticalButton.swift in Sources */,
				7DD7BCF01E921A4B005369F7 /* UIView+AutoLayout.swift in Sources */,
				7DD7BCF21E923461005369F7 /* JYConstFile.swift in Sources */,
				7DD7BCDC1E8F68A4005369F7 /* HorizontalButton.swift in Sources */,
				7DD7BCEE1E920BA1005369F7 /* NewFeatureVC.swift in Sources */,
				7D8600421E89F909008EA024 /* HomePopOverAnimator.swift in Sources */,
				7D86FDB81E864D4A008EA024 /* AppDelegate.swift in Sources */,
				7D8600441E89FC3B008EA024 /* HomeUIPresentationVC.swift in Sources */,
				7D86FE1D1E889B83008EA024 /* BaseViewController.swift in Sources */,
				7D86FE111E87B598008EA024 /* BillListVC.swift in Sources */,
				7D416F0D1E8B3E7B003F1D89 /* QRScanVC.swift in Sources */,
				7DD7BCE91E8FAF67005369F7 /* JYBase64.swift in Sources */,
				7DD7BCE71E8FAF55005369F7 /* AlphaTables.swift in Sources */,
				7DD7BCF61E923D95005369F7 /* WelcomeVC.swift in Sources */,
				7D86FE271E890954008EA024 /* InvoiceListVC.swift in Sources */,
				7D7D8BEB1EA870500091B491 /* BLHttpSessionsRequest.swift in Sources */,
				7D86FE281E890954008EA024 /* PartnerVC.swift in Sources */,
				7DD7BCDA1E8F65CD005369F7 /* UIColor+category.swift in Sources */,
				7DD7BCD51E8E513B005369F7 /* LoginVC.swift in Sources */,
				7D7D8BE91EA84A190091B491 /* ALamoNetworkTool.swift in Sources */,
				7DD7BCDE1E8F73BC005369F7 /* String+category.swift in Sources */,
				7D86FE171E87B5C7008EA024 /* StatementVC.swift in Sources */,
				7D86FE2A1E8909CF008EA024 /* HomeVC.swift in Sources */,
				7D86FE1F1E88DDBE008EA024 /* NoLogView.swift in Sources */,
			);
			runOnlyForDeploymentPostprocessing = 0;
		};
		7D86FDC41E864D4A008EA024 /* Sources */ = {
			isa = PBXSourcesBuildPhase;
			buildActionMask = 2147483647;
			files = (
				7D86FDCD1E864D4A008EA024 /* JYYTPointAccTests.swift in Sources */,
			);
			runOnlyForDeploymentPostprocessing = 0;
		};
/* End PBXSourcesBuildPhase section */

/* Begin PBXTargetDependency section */
		7D86FDCA1E864D4A008EA024 /* PBXTargetDependency */ = {
			isa = PBXTargetDependency;
			target = 7D86FDB31E864D4A008EA024 /* JYYTPointAcc */;
			targetProxy = 7D86FDC91E864D4A008EA024 /* PBXContainerItemProxy */;
		};
/* End PBXTargetDependency section */

/* Begin PBXVariantGroup section */
		7D86FDBB1E864D4A008EA024 /* Main.storyboard */ = {
			isa = PBXVariantGroup;
			children = (
				7D86FDBC1E864D4A008EA024 /* Base */,
			);
			name = Main.storyboard;
			sourceTree = "<group>";
		};
/* End PBXVariantGroup section */

/* Begin XCBuildConfiguration section */
		7D86FDCF1E864D4A008EA024 /* Debug */ = {
			isa = XCBuildConfiguration;
			buildSettings = {
				ALWAYS_SEARCH_USER_PATHS = NO;
				CLANG_ANALYZER_NONNULL = YES;
				CLANG_CXX_LANGUAGE_STANDARD = "gnu++0x";
				CLANG_CXX_LIBRARY = "libc++";
				CLANG_ENABLE_MODULES = YES;
				CLANG_ENABLE_OBJC_ARC = YES;
				CLANG_WARN_BOOL_CONVERSION = YES;
				CLANG_WARN_CONSTANT_CONVERSION = YES;
				CLANG_WARN_DIRECT_OBJC_ISA_USAGE = YES_ERROR;
				CLANG_WARN_DOCUMENTATION_COMMENTS = YES;
				CLANG_WARN_EMPTY_BODY = YES;
				CLANG_WARN_ENUM_CONVERSION = YES;
				CLANG_WARN_INFINITE_RECURSION = YES;
				CLANG_WARN_INT_CONVERSION = YES;
				CLANG_WARN_OBJC_ROOT_CLASS = YES_ERROR;
				CLANG_WARN_SUSPICIOUS_MOVE = YES;
				CLANG_WARN_UNREACHABLE_CODE = YES;
				CLANG_WARN__DUPLICATE_METHOD_MATCH = YES;
				"CODE_SIGN_IDENTITY[sdk=iphoneos*]" = "iPhone Developer";
				COPY_PHASE_STRIP = NO;
				DEBUG_INFORMATION_FORMAT = dwarf;
				ENABLE_STRICT_OBJC_MSGSEND = YES;
				ENABLE_TESTABILITY = YES;
				GCC_C_LANGUAGE_STANDARD = gnu99;
				GCC_DYNAMIC_NO_PIC = NO;
				GCC_NO_COMMON_BLOCKS = YES;
				GCC_OPTIMIZATION_LEVEL = 0;
				GCC_PREPROCESSOR_DEFINITIONS = (
					"DEBUG=1",
					"$(inherited)",
				);
				GCC_WARN_64_TO_32_BIT_CONVERSION = YES;
				GCC_WARN_ABOUT_RETURN_TYPE = YES_ERROR;
				GCC_WARN_UNDECLARED_SELECTOR = YES;
				GCC_WARN_UNINITIALIZED_AUTOS = YES_AGGRESSIVE;
				GCC_WARN_UNUSED_FUNCTION = YES;
				GCC_WARN_UNUSED_VARIABLE = YES;
				IPHONEOS_DEPLOYMENT_TARGET = 10.2;
				MTL_ENABLE_DEBUG_INFO = YES;
				ONLY_ACTIVE_ARCH = YES;
				SDKROOT = iphoneos;
				SWIFT_ACTIVE_COMPILATION_CONDITIONS = DEBUG;
				SWIFT_OPTIMIZATION_LEVEL = "-Onone";
			};
			name = Debug;
		};
		7D86FDD01E864D4A008EA024 /* Release */ = {
			isa = XCBuildConfiguration;
			buildSettings = {
				ALWAYS_SEARCH_USER_PATHS = NO;
				CLANG_ANALYZER_NONNULL = YES;
				CLANG_CXX_LANGUAGE_STANDARD = "gnu++0x";
				CLANG_CXX_LIBRARY = "libc++";
				CLANG_ENABLE_MODULES = YES;
				CLANG_ENABLE_OBJC_ARC = YES;
				CLANG_WARN_BOOL_CONVERSION = YES;
				CLANG_WARN_CONSTANT_CONVERSION = YES;
				CLANG_WARN_DIRECT_OBJC_ISA_USAGE = YES_ERROR;
				CLANG_WARN_DOCUMENTATION_COMMENTS = YES;
				CLANG_WARN_EMPTY_BODY = YES;
				CLANG_WARN_ENUM_CONVERSION = YES;
				CLANG_WARN_INFINITE_RECURSION = YES;
				CLANG_WARN_INT_CONVERSION = YES;
				CLANG_WARN_OBJC_ROOT_CLASS = YES_ERROR;
				CLANG_WARN_SUSPICIOUS_MOVE = YES;
				CLANG_WARN_UNREACHABLE_CODE = YES;
				CLANG_WARN__DUPLICATE_METHOD_MATCH = YES;
				"CODE_SIGN_IDENTITY[sdk=iphoneos*]" = "iPhone Developer";
				COPY_PHASE_STRIP = NO;
				DEBUG_INFORMATION_FORMAT = "dwarf-with-dsym";
				ENABLE_NS_ASSERTIONS = NO;
				ENABLE_STRICT_OBJC_MSGSEND = YES;
				GCC_C_LANGUAGE_STANDARD = gnu99;
				GCC_NO_COMMON_BLOCKS = YES;
				GCC_WARN_64_TO_32_BIT_CONVERSION = YES;
				GCC_WARN_ABOUT_RETURN_TYPE = YES_ERROR;
				GCC_WARN_UNDECLARED_SELECTOR = YES;
				GCC_WARN_UNINITIALIZED_AUTOS = YES_AGGRESSIVE;
				GCC_WARN_UNUSED_FUNCTION = YES;
				GCC_WARN_UNUSED_VARIABLE = YES;
				IPHONEOS_DEPLOYMENT_TARGET = 10.2;
				MTL_ENABLE_DEBUG_INFO = NO;
				SDKROOT = iphoneos;
				SWIFT_OPTIMIZATION_LEVEL = "-Owholemodule";
				VALIDATE_PRODUCT = YES;
			};
			name = Release;
		};
		7D86FDD21E864D4A008EA024 /* Debug */ = {
			isa = XCBuildConfiguration;
			baseConfigurationReference = 55CB0895FF46DD0B08F2F855 /* Pods-JYYTPointAcc.debug.xcconfig */;
			buildSettings = {
				ASSETCATALOG_COMPILER_APPICON_NAME = AppIcon;
				ASSETCATALOG_COMPILER_LAUNCHIMAGE_NAME = LaunchImage;
				DEVELOPMENT_TEAM = 39LA9J6HHG;
				INFOPLIST_FILE = JYYTPointAcc/Info.plist;
				IPHONEOS_DEPLOYMENT_TARGET = 9.0;
				LD_RUNPATH_SEARCH_PATHS = "$(inherited) @executable_path/Frameworks";
				PRODUCT_BUNDLE_IDENTIFIER = com.shjy.JYPointAcc;
				PRODUCT_NAME = "$(TARGET_NAME)";
				SWIFT_VERSION = 3.0;
			};
			name = Debug;
		};
		7D86FDD31E864D4A008EA024 /* Release */ = {
			isa = XCBuildConfiguration;
			baseConfigurationReference = D8E88C51EEC2307D6D23D9EF /* Pods-JYYTPointAcc.release.xcconfig */;
			buildSettings = {
				ASSETCATALOG_COMPILER_APPICON_NAME = AppIcon;
				ASSETCATALOG_COMPILER_LAUNCHIMAGE_NAME = LaunchImage;
				DEVELOPMENT_TEAM = 39LA9J6HHG;
				INFOPLIST_FILE = JYYTPointAcc/Info.plist;
				IPHONEOS_DEPLOYMENT_TARGET = 9.0;
				LD_RUNPATH_SEARCH_PATHS = "$(inherited) @executable_path/Frameworks";
				PRODUCT_BUNDLE_IDENTIFIER = com.shjy.JYPointAcc;
				PRODUCT_NAME = "$(TARGET_NAME)";
				SWIFT_VERSION = 3.0;
			};
			name = Release;
		};
		7D86FDD51E864D4A008EA024 /* Debug */ = {
			isa = XCBuildConfiguration;
			baseConfigurationReference = 659075420C8BD02F216BBAFF /* Pods-JYYTPointAccTests.debug.xcconfig */;
			buildSettings = {
				ALWAYS_EMBED_SWIFT_STANDARD_LIBRARIES = YES;
				BUNDLE_LOADER = "$(TEST_HOST)";
				DEVELOPMENT_TEAM = 39LA9J6HHG;
				INFOPLIST_FILE = JYYTPointAccTests/Info.plist;
				LD_RUNPATH_SEARCH_PATHS = "$(inherited) @executable_path/Frameworks @loader_path/Frameworks";
				PRODUCT_BUNDLE_IDENTIFIER = com.someaccount.JYYTPointAccTests;
				PRODUCT_NAME = "$(TARGET_NAME)";
				SWIFT_VERSION = 3.0;
				TEST_HOST = "$(BUILT_PRODUCTS_DIR)/JYYTPointAcc.app/JYYTPointAcc";
			};
			name = Debug;
		};
		7D86FDD61E864D4A008EA024 /* Release */ = {
			isa = XCBuildConfiguration;
			baseConfigurationReference = 00BBD3696B194EC6D3B72198 /* Pods-JYYTPointAccTests.release.xcconfig */;
			buildSettings = {
				ALWAYS_EMBED_SWIFT_STANDARD_LIBRARIES = YES;
				BUNDLE_LOADER = "$(TEST_HOST)";
				DEVELOPMENT_TEAM = 39LA9J6HHG;
				INFOPLIST_FILE = JYYTPointAccTests/Info.plist;
				LD_RUNPATH_SEARCH_PATHS = "$(inherited) @executable_path/Frameworks @loader_path/Frameworks";
				PRODUCT_BUNDLE_IDENTIFIER = com.someaccount.JYYTPointAccTests;
				PRODUCT_NAME = "$(TARGET_NAME)";
				SWIFT_VERSION = 3.0;
				TEST_HOST = "$(BUILT_PRODUCTS_DIR)/JYYTPointAcc.app/JYYTPointAcc";
			};
			name = Release;
		};
/* End XCBuildConfiguration section */

/* Begin XCConfigurationList section */
		7D86FDAF1E864D4A008EA024 /* Build configuration list for PBXProject "JYYTPointAcc" */ = {
			isa = XCConfigurationList;
			buildConfigurations = (
				7D86FDCF1E864D4A008EA024 /* Debug */,
				7D86FDD01E864D4A008EA024 /* Release */,
			);
			defaultConfigurationIsVisible = 0;
			defaultConfigurationName = Release;
		};
		7D86FDD11E864D4A008EA024 /* Build configuration list for PBXNativeTarget "JYYTPointAcc" */ = {
			isa = XCConfigurationList;
			buildConfigurations = (
				7D86FDD21E864D4A008EA024 /* Debug */,
				7D86FDD31E864D4A008EA024 /* Release */,
			);
			defaultConfigurationIsVisible = 0;
			defaultConfigurationName = Release;
		};
		7D86FDD41E864D4A008EA024 /* Build configuration list for PBXNativeTarget "JYYTPointAccTests" */ = {
			isa = XCConfigurationList;
			buildConfigurations = (
				7D86FDD51E864D4A008EA024 /* Debug */,
				7D86FDD61E864D4A008EA024 /* Release */,
			);
			defaultConfigurationIsVisible = 0;
			defaultConfigurationName = Release;
		};
/* End XCConfigurationList section */
	};
	rootObject = 7D86FDAC1E864D4A008EA024 /* Project object */;
}
